
Microsoft Visual Studio Solution File, Format Version 12.00
# Visual Studio Version 17
VisualStudioVersion = 17.5.002.0
MinimumVisualStudioVersion = 10.0.40219.1
Project("{9A19103F-16F7-4668-BE54-9A1E7A4F7556}") = "Receive", "Receive.csproj", "{E7B8992A-2E43-4A9B-AF29-AD9917D3920C}"
EndProject
Global
	GlobalSection(SolutionConfigurationPlatforms) = preSolution
		Debug|Any CPU = Debug|Any CPU
		Release|Any CPU = Release|Any CPU
	EndGlobalSection
	GlobalSection(ProjectConfigurationPlatforms) = postSolution
		{E7B8992A-2E43-4A9B-AF29-AD9917D3920C}.Debug|Any CPU.ActiveCfg = Debug|Any CPU
		{E7B8992A-2E43-4A9B-AF29-AD9917D3920C}.Debug|Any CPU.Build.0 = Debug|Any CPU
		{E7B8992A-2E43-4A9B-AF29-AD9917D3920C}.Release|Any CPU.ActiveCfg = Release|Any CPU
		{E7B8992A-2E43-4A9B-AF29-AD9917D3920C}.Release|Any CPU.Build.0 = Release|Any CPU
	EndGlobalSection
	GlobalSection(SolutionProperties) = preSolution
		HideSolutionNode = FALSE
	EndGlobalSection
	GlobalSection(ExtensibilityGlobals) = postSolution
		SolutionGuid = {6389B48D-DFFA-4A66-834D-B181D1979882}
	EndGlobalSection
EndGlobal
